{
  "name": "mtgwiki-script",
  "version": "1.0.0",
  "lockfileVersion": 3,
  "requires": true,
  "packages": {
    "": {
      "name": "mtgwiki-script",
      "version": "1.0.0",
      "license": "ISC",
      "dependencies": {
        "@scryfall/api-types": "^1.0.0-alpha.4",
        "@types/node": "^24.3.0",
        "typescript": "~5.8.3"
      }
    },
    "node_modules/@scryfall/api-types": {
      "version": "1.0.0-alpha.4",
      "resolved": "https://registry.npmjs.org/@scryfall/api-types/-/api-types-1.0.0-alpha.4.tgz",
      "integrity": "sha512-uxoJPA5r0va3xo1h5Su+0J8ptG1BS7+Uw+67sV7NTBIhR7Ly9cYrRv0un4Q3Z/h+D8jjTWNwablUbDG6zULcVA==",
      "license": "MIT"
    },
    "node_modules/@types/node": {
      "version": "24.3.1",
      "resolved": "https://registry.npmjs.org/@types/node/-/node-24.3.1.tgz",
      "integrity": "sha512-3vXmQDXy+woz+gnrTvuvNrPzekOi+Ds0ReMxw0LzBiK3a+1k0kQn9f2NWk+lgD4rJehFUmYy2gMhJ2ZI+7YP9g==",
      "license": "MIT",
      "dependencies": {
        "undici-types": "~7.10.0"
      }
    },
    "node_modules/typescript": {
      "version": "5.8.3",
      "resolved": "https://registry.npmjs.org/typescript/-/typescript-5.8.3.tgz",
      "integrity": "sha512-p1diW6TqL9L07nNxvRMM7hMMw4c5XOo/1ibL4aAIGmSAt9slTE1Xgw5KWuof2uTOvCg9BY7ZRi+GaF+7sfgPeQ==",
      "license": "Apache-2.0",
      "bin": {
        "tsc": "bin/tsc",
        "tsserver": "bin/tsserver"
      },
      "engines": {
        "node": ">=14.17"
      }
    },
    "node_modules/undici-types": {
      "version": "7.10.0",
      "resolved": "https://registry.npmjs.org/undici-types/-/undici-types-7.10.0.tgz",
      "integrity": "sha512-t5Fy/nfn+14LuOc2KNYg75vZqClpAiqscVvMygNnlsHBFpSXdJaYtXMcdNLpl/Qvc3P2cB3s6lOV51nqsFq4ag==",
      "license": "MIT"
    }
  }
}
